
Microsoft Visual Studio Solution File, Format Version 12.00
# Visual Studio Version 17
VisualStudioVersion = 17.0.31903.59
MinimumVisualStudioVersion = 10.0.40219.1
Project("{FAE04EC0-301F-11D3-BF4B-00C04F79EFBC}") = "WindowsFormsApp3", "WindowsFormsApp3\WindowsFormsApp3.csproj", "{BD017397-0A4F-44BA-87AA-0DE3713257EE}"
EndProject
Global
	GlobalSection(SolutionConfigurationPlatforms) = preSolution
		Debug|Any CPU = Debug|Any CPU
		Release|Any CPU = Release|Any CPU
	EndGlobalSection
	GlobalSection(ProjectConfigurationPlatforms) = postSolution
		{BD017397-0A4F-44BA-87AA-0DE3713257EE}.Debug|Any CPU.ActiveCfg = Debug|Any CPU
		{BD017397-0A4F-44BA-87AA-0DE3713257EE}.Debug|Any CPU.Build.0 = Debug|Any CPU
		{BD017397-0A4F-44BA-87AA-0DE3713257EE}.Release|Any CPU.ActiveCfg = Release|Any CPU
		{BD017397-0A4F-44BA-87AA-0DE3713257EE}.Release|Any CPU.Build.0 = Release|Any CPU
	EndGlobalSection
	GlobalSection(SolutionProperties) = preSolution
		HideSolutionNode = FALSE
	EndGlobalSection
	GlobalSection(ExtensibilityGlobals) = postSolution
		SolutionGuid = {A8839EB1-8C1B-43DB-B534-23D3B1B313AA}
	EndGlobalSection
EndGlobal
