
Microsoft Visual Studio Solution File, Format Version 12.00
# Visual Studio Version 17
VisualStudioVersion = 17.0.31903.59
MinimumVisualStudioVersion = 10.0.40219.1
Project("{FAE04EC0-301F-11D3-BF4B-00C04F79EFBC}") = "ConsoleApp5", "ConsoleApp5\ConsoleApp5.csproj", "{646CAE7E-0FBD-4D4D-9150-0C38E5E019F8}"
EndProject
Global
	GlobalSection(SolutionConfigurationPlatforms) = preSolution
		Debug|Any CPU = Debug|Any CPU
		Release|Any CPU = Release|Any CPU
	EndGlobalSection
	GlobalSection(ProjectConfigurationPlatforms) = postSolution
		{646CAE7E-0FBD-4D4D-9150-0C38E5E019F8}.Debug|Any CPU.ActiveCfg = Debug|Any CPU
		{646CAE7E-0FBD-4D4D-9150-0C38E5E019F8}.Debug|Any CPU.Build.0 = Debug|Any CPU
		{646CAE7E-0FBD-4D4D-9150-0C38E5E019F8}.Release|Any CPU.ActiveCfg = Release|Any CPU
		{646CAE7E-0FBD-4D4D-9150-0C38E5E019F8}.Release|Any CPU.Build.0 = Release|Any CPU
	EndGlobalSection
	GlobalSection(SolutionProperties) = preSolution
		HideSolutionNode = FALSE
	EndGlobalSection
	GlobalSection(ExtensibilityGlobals) = postSolution
		SolutionGuid = {451C3206-BF69-454E-A3C4-4742F9A3DF84}
	EndGlobalSection
EndGlobal
