
Microsoft Visual Studio Solution File, Format Version 12.00
# Visual Studio Version 17
VisualStudioVersion = 17.0.31903.59
MinimumVisualStudioVersion = 10.0.40219.1
Project("{FAE04EC0-301F-11D3-BF4B-00C04F79EFBC}") = "addition", "addition\addition.csproj", "{F2409C83-82A1-4824-BC5D-A72C86E950EE}"
EndProject
Project("{FAE04EC0-301F-11D3-BF4B-00C04F79EFBC}") = "UnitTestProject1", "UnitTestProject1\UnitTestProject1.csproj", "{114E3DA8-2D3C-46D4-9FAE-D7CECAA5DAFD}"
EndProject
Global
	GlobalSection(SolutionConfigurationPlatforms) = preSolution
		Debug|Any CPU = Debug|Any CPU
		Release|Any CPU = Release|Any CPU
	EndGlobalSection
	GlobalSection(ProjectConfigurationPlatforms) = postSolution
		{F2409C83-82A1-4824-BC5D-A72C86E950EE}.Debug|Any CPU.ActiveCfg = Debug|Any CPU
		{F2409C83-82A1-4824-BC5D-A72C86E950EE}.Debug|Any CPU.Build.0 = Debug|Any CPU
		{F2409C83-82A1-4824-BC5D-A72C86E950EE}.Release|Any CPU.ActiveCfg = Release|Any CPU
		{F2409C83-82A1-4824-BC5D-A72C86E950EE}.Release|Any CPU.Build.0 = Release|Any CPU
		{114E3DA8-2D3C-46D4-9FAE-D7CECAA5DAFD}.Debug|Any CPU.ActiveCfg = Debug|Any CPU
		{114E3DA8-2D3C-46D4-9FAE-D7CECAA5DAFD}.Debug|Any CPU.Build.0 = Debug|Any CPU
		{114E3DA8-2D3C-46D4-9FAE-D7CECAA5DAFD}.Release|Any CPU.ActiveCfg = Release|Any CPU
		{114E3DA8-2D3C-46D4-9FAE-D7CECAA5DAFD}.Release|Any CPU.Build.0 = Release|Any CPU
	EndGlobalSection
	GlobalSection(SolutionProperties) = preSolution
		HideSolutionNode = FALSE
	EndGlobalSection
	GlobalSection(ExtensibilityGlobals) = postSolution
		SolutionGuid = {CD061C22-CE16-43A9-AF50-C985A27DE625}
	EndGlobalSection
EndGlobal
